// !$*UTF8*$!
{
	archiveVersion = 1;
	classes = {
	};
	objectVersion = 52;
	objects = {

/* Begin PBXBuildFile section */
		02AC72D9E8B9EB36D99BD4CB /* CGPoint+Shape.swift in Sources */ = {isa = PBXBuildFile; fileRef = 94D8D6A66189598A07DBA9A1 /* CGPoint+Shape.swift */; };
		078325FBEA58FC76785D6F4E /* EditorView.swift in Sources */ = {isa = PBXBuildFile; fileRef = 95CEF971356030AB08D35280 /* EditorView.swift */; };
		0CC9B219866B16D28DD37257 /* alib2str.xcframework in Frameworks */ = {isa = PBXBuildFile; fileRef = ACB4B447FC0D176FA69179F8 /* alib2str.xcframework */; };
		1182D6F360F022173E22B04D /* alib2str.xcframework in Embed Frameworks */ = {isa = PBXBuildFile; fileRef = ACB4B447FC0D176FA69179F8 /* alib2str.xcframework */; settings = {ATTRIBUTES = (CodeSignOnCopy, RemoveHeadersOnCopy, ); }; };
		11D3C4E9F1132EA9EB3AF33A /* alib2data.xcframework in Frameworks */ = {isa = PBXBuildFile; fileRef = 77BBC0FFE29C7B741FC99C9F /* alib2data.xcframework */; };
		144CADED741B27513D138639 /* FlexibleView.swift in Sources */ = {isa = PBXBuildFile; fileRef = 919B7BEA7988E2E30A81065F /* FlexibleView.swift */; };
		16B2BAD4B4ED783A8AA73FE0 /* alib2std.xcframework in Frameworks */ = {isa = PBXBuildFile; fileRef = 47CD1C987F20D2D9A44962D2 /* alib2std.xcframework */; };
		180A48659AF53470C2A0FC15 /* _FlexibleView.swift in Sources */ = {isa = PBXBuildFile; fileRef = 08806B845E76D432EC655C53 /* _FlexibleView.swift */; };
		1C868C0350E9E6F08A92A6E3 /* AutomatonRunResult.h in Headers */ = {isa = PBXBuildFile; fileRef = 8D454529D055B041A8CE8DE9 /* AutomatonRunResult.h */; settings = {ATTRIBUTES = (Private, ); }; };
		1E645DC5BD6EFECA14C17719 /* alib2measure.xcframework in Frameworks */ = {isa = PBXBuildFile; fileRef = 8F6D0E799B5122D48865AF40 /* alib2measure.xcframework */; };
		25BABD97A716054145DA385E /* alib2measure.xcframework in Embed Frameworks */ = {isa = PBXBuildFile; fileRef = 8F6D0E799B5122D48865AF40 /* alib2measure.xcframework */; settings = {ATTRIBUTES = (CodeSignOnCopy, RemoveHeadersOnCopy, ); }; };
		2751D181C8AB726D51C41B11 /* TransitionsView.swift in Sources */ = {isa = PBXBuildFile; fileRef = 8DB5C8EAC7A7F763E3E0B3E2 /* TransitionsView.swift */; };
		2D37B1A730ABCF6B29D12789 /* NFA.h in Headers */ = {isa = PBXBuildFile; fileRef = B98CCAAAB0F09CB0B6173358 /* NFA.h */; settings = {ATTRIBUTES = (Private, ); }; };
		30A8F7ECCF5EED04281BE667 /* alib2abstraction.xcframework in Embed Frameworks */ = {isa = PBXBuildFile; fileRef = 5FF1362923696D4B133C841B /* alib2abstraction.xcframework */; settings = {ATTRIBUTES = (CodeSignOnCopy, RemoveHeadersOnCopy, ); }; };
		35A9A29E6CBAFCF9D8C70559 /* IDFactory.swift in Sources */ = {isa = PBXBuildFile; fileRef = 84595D66441820203CFE1B8C /* IDFactory.swift */; };
		35D21618DE8A86F22BA12185 /* CanvasView.swift in Sources */ = {isa = PBXBuildFile; fileRef = FBDBC85981D0F718A19C95F7 /* CanvasView.swift */; };
		3C5E059316DB1D696A6A2E5E /* SwiftAutomataLibrary.framework in Embed Frameworks */ = {isa = PBXBuildFile; fileRef = C891FAFF1BDA9058350508AA /* SwiftAutomataLibrary.framework */; settings = {ATTRIBUTES = (CodeSignOnCopy, RemoveHeadersOnCopy, ); }; };
		42298E7C12E7F32E200CEDF2 /* alib2algo.xcframework in Frameworks */ = {isa = PBXBuildFile; fileRef = FA1069A8190F1DEF28E41133 /* alib2algo.xcframework */; };
		465DB718CD3731DB4340F63A /* alib2xml.xcframework in Embed Frameworks */ = {isa = PBXBuildFile; fileRef = C01A02644F750EF342D649AB /* alib2xml.xcframework */; settings = {ATTRIBUTES = (CodeSignOnCopy, RemoveHeadersOnCopy, ); }; };
		4981D9249A82830951E34DDA /* SwiftAutomataLibrary-BridgingHeader.h in Headers */ = {isa = PBXBuildFile; fileRef = B67F323008EA7AFA141F342F /* SwiftAutomataLibrary-BridgingHeader.h */; settings = {ATTRIBUTES = (Private, ); }; };
		4CF7C35080BB8AF7472DB44C /* alib2common.xcframework in Frameworks */ = {isa = PBXBuildFile; fileRef = 85502D6DC61384B4A73D07EA /* alib2common.xcframework */; };
		4F60BFF293FA011B3FDF7966 /* Empty.swift in Sources */ = {isa = PBXBuildFile; fileRef = 3C72A3351A334D7ECFA16515 /* Empty.swift */; };
		50879917BDD9318236B531BB /* NFA.swift in Sources */ = {isa = PBXBuildFile; fileRef = FC8E014137EC448CDA93C06A /* NFA.swift */; };
		5C39D6EE886F8D91CA77E177 /* TextView.swift in Sources */ = {isa = PBXBuildFile; fileRef = 919C6939F58CCB9BDF929EDC /* TextView.swift */; };
		65FA8395A1C27B2405A7F4D6 /* Stroke.swift in Sources */ = {isa = PBXBuildFile; fileRef = B2BB8FA712FC5E0AF24ADEF1 /* Stroke.swift */; };
		671A1D4345A7E387DC8FB3DC /* alib2abstraction.xcframework in Frameworks */ = {isa = PBXBuildFile; fileRef = 5FF1362923696D4B133C841B /* alib2abstraction.xcframework */; };
		68B5B59D68B63AFB0410E7C1 /* SizeReader.swift in Sources */ = {isa = PBXBuildFile; fileRef = BF130B3B3F84E414720CF3B2 /* SizeReader.swift */; };
		69C6CED3653CBFD75D110827 /* IDFactoryLive.swift in Sources */ = {isa = PBXBuildFile; fileRef = 7AE08BEB0EE4D03C75575CCC /* IDFactoryLive.swift */; };
		72FEC29ACB95C27A94DE20A4 /* AutomataClassifierService.swift in Sources */ = {isa = PBXBuildFile; fileRef = CEE127AE95A2493A7E2BBA08 /* AutomataClassifierService.swift */; };
		77F341E508763177EF7CE6FE /* UIImage+Extra.swift in Sources */ = {isa = PBXBuildFile; fileRef = 8BD535312BABBB8AFBCB238E /* UIImage+Extra.swift */; };
		790B670E48040C15CCF0E2E2 /* EditorButton.swift in Sources */ = {isa = PBXBuildFile; fileRef = F8B526902C1BDE0725F678C6 /* EditorButton.swift */; };
		934EDAC9065299154DC4AF16 /* AutomataClassifierServiceLive.swift in Sources */ = {isa = PBXBuildFile; fileRef = F65A97211987A23D0ECFE0C7 /* AutomataClassifierServiceLive.swift */; };
		938AE16D6BF0FDF93BD0A5A5 /* AutomatonStatesView.swift in Sources */ = {isa = PBXBuildFile; fileRef = 55CC102D57007F3A72A36DC3 /* AutomatonStatesView.swift */; };
		945E05CC88987E6569FA96AA /* EditorTests.swift in Sources */ = {isa = PBXBuildFile; fileRef = AECDA4D4D86EDBDD250D3443 /* EditorTests.swift */; };
		98355D64E91C3955164BC9ED /* alib2data.xcframework in Embed Frameworks */ = {isa = PBXBuildFile; fileRef = 77BBC0FFE29C7B741FC99C9F /* alib2data.xcframework */; settings = {ATTRIBUTES = (CodeSignOnCopy, RemoveHeadersOnCopy, ); }; };
		996F36C6F73620483305F506 /* AutomataEditorApp.swift in Sources */ = {isa = PBXBuildFile; fileRef = 92D93FF724B9E69823E69B2F /* AutomataEditorApp.swift */; };
		9D6F798AC06D4CB2E9F4B715 /* Transition.h in Headers */ = {isa = PBXBuildFile; fileRef = 86B956EDD6D1A74BCA8E70CC /* Transition.h */; settings = {ATTRIBUTES = (Private, ); }; };
		A3F0DD1BD25837980746CBA4 /* alib2std.xcframework in Embed Frameworks */ = {isa = PBXBuildFile; fileRef = 47CD1C987F20D2D9A44962D2 /* alib2std.xcframework */; settings = {ATTRIBUTES = (CodeSignOnCopy, RemoveHeadersOnCopy, ); }; };
		A615A7AD310BFF8A3320C123 /* alib2common.xcframework in Embed Frameworks */ = {isa = PBXBuildFile; fileRef = 85502D6DC61384B4A73D07EA /* alib2common.xcframework */; settings = {ATTRIBUTES = (CodeSignOnCopy, RemoveHeadersOnCopy, ); }; };
		A6D6CE104F28B668776B033F /* Transition.m in Sources */ = {isa = PBXBuildFile; fileRef = F7818F85315BFDB963F990BD /* Transition.m */; };
		B3A1BD94A0DC8D5E54CDFE59 /* ComposableArchitecture in Frameworks */ = {isa = PBXBuildFile; productRef = B8024D0AB4900AB85A36C054 /* ComposableArchitecture */; };
		B5DE57C10825BBEE1375143C /* EditorStore.swift in Sources */ = {isa = PBXBuildFile; fileRef = 075A8D45E2C41584A9E54666 /* EditorStore.swift */; };
		B851C36B827B502840A6483E /* ShapeServiceLive.swift in Sources */ = {isa = PBXBuildFile; fileRef = 9BE253F599BD3E6799E2C301 /* ShapeServiceLive.swift */; };
		BA21C06AA91841B79636F4ED /* AutomataLibraryService.swift in Sources */ = {isa = PBXBuildFile; fileRef = 8187747B4936793C6C454F25 /* AutomataLibraryService.swift */; };
		BA47AC3F2C5B89DC8FE922C9 /* SwiftSplines in Frameworks */ = {isa = PBXBuildFile; productRef = 95514B488C71A36A1CBE5704 /* SwiftSplines */; };
		BB5FA0319A368753BCEFC7F7 /* AutomataLibraryServiceLive.swift in Sources */ = {isa = PBXBuildFile; fileRef = E2C017CEA0114D4568699E47 /* AutomataLibraryServiceLive.swift */; };
		BB6C190802BFD6A42183C132 /* AutomatonTransition.swift in Sources */ = {isa = PBXBuildFile; fileRef = F3CFCC982309D49FD9539465 /* AutomatonTransition.swift */; };
		C1CF2EA530241ADD4DAD3A18 /* SwiftAutomataLibrary.framework in Frameworks */ = {isa = PBXBuildFile; fileRef = C891FAFF1BDA9058350508AA /* SwiftAutomataLibrary.framework */; };
		C31A7A7BB475685710BA4AB5 /* NFA.mm in Sources */ = {isa = PBXBuildFile; fileRef = D218317B282C96038392D314 /* NFA.mm */; };
		C44DB2E38A9D7EFBAE2DF746 /* XCTest.framework in Frameworks */ = {isa = PBXBuildFile; fileRef = 74838824B25EFE85151BB1F1 /* XCTest.framework */; };
		C70F64C557724B40E541216C /* AutomatonState.swift in Sources */ = {isa = PBXBuildFile; fileRef = 66C02365F5DBDE48873BF7DD /* AutomatonState.swift */; };
		CCD9885F2FB6CF0C3C1B0645 /* alib2algo.xcframework in Embed Frameworks */ = {isa = PBXBuildFile; fileRef = FA1069A8190F1DEF28E41133 /* alib2algo.xcframework */; settings = {ATTRIBUTES = (CodeSignOnCopy, RemoveHeadersOnCopy, ); }; };
		D11F5842CF6A2BD3A1B31BD6 /* CGPoint+Extra.swift in Sources */ = {isa = PBXBuildFile; fileRef = D69EC89748273D23FAC09CA6 /* CGPoint+Extra.swift */; };
		D57DFC6D082E4A27E7E97FD8 /* ShapeService.swift in Sources */ = {isa = PBXBuildFile; fileRef = 9D757DE4CDF0AF7C05D1A0E6 /* ShapeService.swift */; };
		DC243A2092F46C1CD2757A31 /* Transition.swift in Sources */ = {isa = PBXBuildFile; fileRef = 1226F709591BAAB639FAD572 /* Transition.swift */; };
		E6313F7ED04AEB41B5213C99 /* AutomataClassifier.mlmodel in Sources */ = {isa = PBXBuildFile; fileRef = C6E3936FEAAF838177C8356A /* AutomataClassifier.mlmodel */; };
		E87D9120110E6CA0CF157179 /* alib2xml.xcframework in Frameworks */ = {isa = PBXBuildFile; fileRef = C01A02644F750EF342D649AB /* alib2xml.xcframework */; };
		F9F84B3FC019DD7F95DB53F4 /* AutomatonRunResult.m in Sources */ = {isa = PBXBuildFile; fileRef = 803D70169C1D275F3E9DE643 /* AutomatonRunResult.m */; };
/* End PBXBuildFile section */

/* Begin PBXContainerItemProxy section */
		01599AA196E47A579CA6FF28 /* PBXContainerItemProxy */ = {
			isa = PBXContainerItemProxy;
			containerPortal = 63B5F7937D9AE8471AFDF63E /* Project object */;
			proxyType = 1;
			remoteGlobalIDString = F157C8D004002DD67EDF6525;
			remoteInfo = SwiftAutomataLibrary;
		};
		8C475B28F8615310A2418A8B /* PBXContainerItemProxy */ = {
			isa = PBXContainerItemProxy;
			containerPortal = 63B5F7937D9AE8471AFDF63E /* Project object */;
			proxyType = 1;
			remoteGlobalIDString = 4617F5A23EECA5931AA34CCD;
			remoteInfo = AutomataEditor;
		};
/* End PBXContainerItemProxy section */

/* Begin PBXCopyFilesBuildPhase section */
		0B743650CF6042D9621ED85C /* Embed Frameworks */ = {
			isa = PBXCopyFilesBuildPhase;
			buildActionMask = 2147483647;
			dstPath = "";
			dstSubfolderSpec = 10;
			files = (
				3C5E059316DB1D696A6A2E5E /* SwiftAutomataLibrary.framework in Embed Frameworks */,
				30A8F7ECCF5EED04281BE667 /* alib2abstraction.xcframework in Embed Frameworks */,
				CCD9885F2FB6CF0C3C1B0645 /* alib2algo.xcframework in Embed Frameworks */,
				A615A7AD310BFF8A3320C123 /* alib2common.xcframework in Embed Frameworks */,
				98355D64E91C3955164BC9ED /* alib2data.xcframework in Embed Frameworks */,
				25BABD97A716054145DA385E /* alib2measure.xcframework in Embed Frameworks */,
				A3F0DD1BD25837980746CBA4 /* alib2std.xcframework in Embed Frameworks */,
				1182D6F360F022173E22B04D /* alib2str.xcframework in Embed Frameworks */,
				465DB718CD3731DB4340F63A /* alib2xml.xcframework in Embed Frameworks */,
			);
			name = "Embed Frameworks";
			runOnlyForDeploymentPostprocessing = 0;
		};
		707E73EC40436F40A1DF8CFD /* Embed Frameworks */ = {
			isa = PBXCopyFilesBuildPhase;
			buildActionMask = 2147483647;
			dstPath = "";
			dstSubfolderSpec = 10;
			files = (
			);
			name = "Embed Frameworks";
			runOnlyForDeploymentPostprocessing = 0;
		};
		E69744A00BDD7574AED4ADBB /* Embed Frameworks */ = {
			isa = PBXCopyFilesBuildPhase;
			buildActionMask = 2147483647;
			dstPath = "";
			dstSubfolderSpec = 10;
			files = (
			);
			name = "Embed Frameworks";
			runOnlyForDeploymentPostprocessing = 0;
		};
/* End PBXCopyFilesBuildPhase section */

/* Begin PBXFileReference section */
		075A8D45E2C41584A9E54666 /* EditorStore.swift */ = {isa = PBXFileReference; lastKnownFileType = sourcecode.swift; path = EditorStore.swift; sourceTree = "<group>"; };
		08806B845E76D432EC655C53 /* _FlexibleView.swift */ = {isa = PBXFileReference; lastKnownFileType = sourcecode.swift; path = _FlexibleView.swift; sourceTree = "<group>"; };
		1226F709591BAAB639FAD572 /* Transition.swift */ = {isa = PBXFileReference; lastKnownFileType = sourcecode.swift; path = Transition.swift; sourceTree = "<group>"; };
		1D16C0763C0EA4426F054DC4 /* AutomataEditorTests.plist */ = {isa = PBXFileReference; lastKnownFileType = text.plist; path = AutomataEditorTests.plist; sourceTree = "<group>"; };
		3C72A3351A334D7ECFA16515 /* Empty.swift */ = {isa = PBXFileReference; lastKnownFileType = sourcecode.swift; path = Empty.swift; sourceTree = "<group>"; };
		45BBACB03A8008BB7BB19C54 /* AutomataEditorTests.xctest */ = {isa = PBXFileReference; explicitFileType = wrapper.cfbundle; includeInIndex = 0; path = AutomataEditorTests.xctest; sourceTree = BUILT_PRODUCTS_DIR; };
		47CD1C987F20D2D9A44962D2 /* alib2std.xcframework */ = {isa = PBXFileReference; lastKnownFileType = wrapper.xcframework; path = alib2std.xcframework; sourceTree = "<group>"; };
		4B2E2D058267C82E05DB9415 /* AutomataEditor.app */ = {isa = PBXFileReference; explicitFileType = wrapper.application; includeInIndex = 0; path = AutomataEditor.app; sourceTree = BUILT_PRODUCTS_DIR; };
		55CC102D57007F3A72A36DC3 /* AutomatonStatesView.swift */ = {isa = PBXFileReference; lastKnownFileType = sourcecode.swift; path = AutomatonStatesView.swift; sourceTree = "<group>"; };
		5AF0B667A638FF8C3775331D /* SwiftAutomataLibrary.plist */ = {isa = PBXFileReference; lastKnownFileType = text.plist; path = SwiftAutomataLibrary.plist; sourceTree = "<group>"; };
		5FF1362923696D4B133C841B /* alib2abstraction.xcframework */ = {isa = PBXFileReference; lastKnownFileType = wrapper.xcframework; path = alib2abstraction.xcframework; sourceTree = "<group>"; };
		62CBD7E8399C39223C7492FD /* AutomataEditor.plist */ = {isa = PBXFileReference; lastKnownFileType = text.plist; path = AutomataEditor.plist; sourceTree = "<group>"; };
		66C02365F5DBDE48873BF7DD /* AutomatonState.swift */ = {isa = PBXFileReference; lastKnownFileType = sourcecode.swift; path = AutomatonState.swift; sourceTree = "<group>"; };
		74838824B25EFE85151BB1F1 /* XCTest.framework */ = {isa = PBXFileReference; lastKnownFileType = wrapper.framework; name = XCTest.framework; path = Platforms/iPhoneOS.platform/Developer/Library/Frameworks/XCTest.framework; sourceTree = DEVELOPER_DIR; };
		77BBC0FFE29C7B741FC99C9F /* alib2data.xcframework */ = {isa = PBXFileReference; lastKnownFileType = wrapper.xcframework; path = alib2data.xcframework; sourceTree = "<group>"; };
		7AE08BEB0EE4D03C75575CCC /* IDFactoryLive.swift */ = {isa = PBXFileReference; lastKnownFileType = sourcecode.swift; path = IDFactoryLive.swift; sourceTree = "<group>"; };
		803D70169C1D275F3E9DE643 /* AutomatonRunResult.m */ = {isa = PBXFileReference; lastKnownFileType = sourcecode.c.objc; path = AutomatonRunResult.m; sourceTree = "<group>"; };
		8187747B4936793C6C454F25 /* AutomataLibraryService.swift */ = {isa = PBXFileReference; lastKnownFileType = sourcecode.swift; path = AutomataLibraryService.swift; sourceTree = "<group>"; };
		84595D66441820203CFE1B8C /* IDFactory.swift */ = {isa = PBXFileReference; lastKnownFileType = sourcecode.swift; path = IDFactory.swift; sourceTree = "<group>"; };
		85502D6DC61384B4A73D07EA /* alib2common.xcframework */ = {isa = PBXFileReference; lastKnownFileType = wrapper.xcframework; path = alib2common.xcframework; sourceTree = "<group>"; };
		86B956EDD6D1A74BCA8E70CC /* Transition.h */ = {isa = PBXFileReference; lastKnownFileType = sourcecode.c.h; path = Transition.h; sourceTree = "<group>"; };
		8BD535312BABBB8AFBCB238E /* UIImage+Extra.swift */ = {isa = PBXFileReference; lastKnownFileType = sourcecode.swift; path = "UIImage+Extra.swift"; sourceTree = "<group>"; };
		8D454529D055B041A8CE8DE9 /* AutomatonRunResult.h */ = {isa = PBXFileReference; lastKnownFileType = sourcecode.c.h; path = AutomatonRunResult.h; sourceTree = "<group>"; };
		8DB5C8EAC7A7F763E3E0B3E2 /* TransitionsView.swift */ = {isa = PBXFileReference; lastKnownFileType = sourcecode.swift; path = TransitionsView.swift; sourceTree = "<group>"; };
		8F6D0E799B5122D48865AF40 /* alib2measure.xcframework */ = {isa = PBXFileReference; lastKnownFileType = wrapper.xcframework; path = alib2measure.xcframework; sourceTree = "<group>"; };
		919B7BEA7988E2E30A81065F /* FlexibleView.swift */ = {isa = PBXFileReference; lastKnownFileType = sourcecode.swift; path = FlexibleView.swift; sourceTree = "<group>"; };
		919C6939F58CCB9BDF929EDC /* TextView.swift */ = {isa = PBXFileReference; lastKnownFileType = sourcecode.swift; path = TextView.swift; sourceTree = "<group>"; };
		92D93FF724B9E69823E69B2F /* AutomataEditorApp.swift */ = {isa = PBXFileReference; lastKnownFileType = sourcecode.swift; path = AutomataEditorApp.swift; sourceTree = "<group>"; };
		94D8D6A66189598A07DBA9A1 /* CGPoint+Shape.swift */ = {isa = PBXFileReference; lastKnownFileType = sourcecode.swift; path = "CGPoint+Shape.swift"; sourceTree = "<group>"; };
		95CEF971356030AB08D35280 /* EditorView.swift */ = {isa = PBXFileReference; lastKnownFileType = sourcecode.swift; path = EditorView.swift; sourceTree = "<group>"; };
		9BE253F599BD3E6799E2C301 /* ShapeServiceLive.swift */ = {isa = PBXFileReference; lastKnownFileType = sourcecode.swift; path = ShapeServiceLive.swift; sourceTree = "<group>"; };
		9D757DE4CDF0AF7C05D1A0E6 /* ShapeService.swift */ = {isa = PBXFileReference; lastKnownFileType = sourcecode.swift; path = ShapeService.swift; sourceTree = "<group>"; };
		ACB4B447FC0D176FA69179F8 /* alib2str.xcframework */ = {isa = PBXFileReference; lastKnownFileType = wrapper.xcframework; path = alib2str.xcframework; sourceTree = "<group>"; };
		AECDA4D4D86EDBDD250D3443 /* EditorTests.swift */ = {isa = PBXFileReference; lastKnownFileType = sourcecode.swift; path = EditorTests.swift; sourceTree = "<group>"; };
		B2BB8FA712FC5E0AF24ADEF1 /* Stroke.swift */ = {isa = PBXFileReference; lastKnownFileType = sourcecode.swift; path = Stroke.swift; sourceTree = "<group>"; };
		B67F323008EA7AFA141F342F /* SwiftAutomataLibrary-BridgingHeader.h */ = {isa = PBXFileReference; lastKnownFileType = sourcecode.c.h; path = "SwiftAutomataLibrary-BridgingHeader.h"; sourceTree = "<group>"; };
		B98CCAAAB0F09CB0B6173358 /* NFA.h */ = {isa = PBXFileReference; lastKnownFileType = sourcecode.c.h; path = NFA.h; sourceTree = "<group>"; };
		BF130B3B3F84E414720CF3B2 /* SizeReader.swift */ = {isa = PBXFileReference; lastKnownFileType = sourcecode.swift; path = SizeReader.swift; sourceTree = "<group>"; };
		C01A02644F750EF342D649AB /* alib2xml.xcframework */ = {isa = PBXFileReference; lastKnownFileType = wrapper.xcframework; path = alib2xml.xcframework; sourceTree = "<group>"; };
		C6E3936FEAAF838177C8356A /* AutomataClassifier.mlmodel */ = {isa = PBXFileReference; lastKnownFileType = file.mlmodel; path = AutomataClassifier.mlmodel; sourceTree = "<group>"; };
		C891FAFF1BDA9058350508AA /* SwiftAutomataLibrary.framework */ = {isa = PBXFileReference; explicitFileType = wrapper.framework; includeInIndex = 0; path = SwiftAutomataLibrary.framework; sourceTree = BUILT_PRODUCTS_DIR; };
		CEE127AE95A2493A7E2BBA08 /* AutomataClassifierService.swift */ = {isa = PBXFileReference; lastKnownFileType = sourcecode.swift; path = AutomataClassifierService.swift; sourceTree = "<group>"; };
		D218317B282C96038392D314 /* NFA.mm */ = {isa = PBXFileReference; lastKnownFileType = sourcecode.cpp.objcpp; path = NFA.mm; sourceTree = "<group>"; };
		D69EC89748273D23FAC09CA6 /* CGPoint+Extra.swift */ = {isa = PBXFileReference; lastKnownFileType = sourcecode.swift; path = "CGPoint+Extra.swift"; sourceTree = "<group>"; };
		E2C017CEA0114D4568699E47 /* AutomataLibraryServiceLive.swift */ = {isa = PBXFileReference; lastKnownFileType = sourcecode.swift; path = AutomataLibraryServiceLive.swift; sourceTree = "<group>"; };
		F3CFCC982309D49FD9539465 /* AutomatonTransition.swift */ = {isa = PBXFileReference; lastKnownFileType = sourcecode.swift; path = AutomatonTransition.swift; sourceTree = "<group>"; };
		F65A97211987A23D0ECFE0C7 /* AutomataClassifierServiceLive.swift */ = {isa = PBXFileReference; lastKnownFileType = sourcecode.swift; path = AutomataClassifierServiceLive.swift; sourceTree = "<group>"; };
		F7818F85315BFDB963F990BD /* Transition.m */ = {isa = PBXFileReference; lastKnownFileType = sourcecode.c.objc; path = Transition.m; sourceTree = "<group>"; };
		F8B526902C1BDE0725F678C6 /* EditorButton.swift */ = {isa = PBXFileReference; lastKnownFileType = sourcecode.swift; path = EditorButton.swift; sourceTree = "<group>"; };
		FA1069A8190F1DEF28E41133 /* alib2algo.xcframework */ = {isa = PBXFileReference; lastKnownFileType = wrapper.xcframework; path = alib2algo.xcframework; sourceTree = "<group>"; };
		FBDBC85981D0F718A19C95F7 /* CanvasView.swift */ = {isa = PBXFileReference; lastKnownFileType = sourcecode.swift; path = CanvasView.swift; sourceTree = "<group>"; };
		FC8E014137EC448CDA93C06A /* NFA.swift */ = {isa = PBXFileReference; lastKnownFileType = sourcecode.swift; path = NFA.swift; sourceTree = "<group>"; };
/* End PBXFileReference section */

/* Begin PBXFrameworksBuildPhase section */
		4A6CE7C99E81DF0B9CDE151D /* Frameworks */ = {
			isa = PBXFrameworksBuildPhase;
			buildActionMask = 2147483647;
			files = (
				C1CF2EA530241ADD4DAD3A18 /* SwiftAutomataLibrary.framework in Frameworks */,
				B3A1BD94A0DC8D5E54CDFE59 /* ComposableArchitecture in Frameworks */,
				BA47AC3F2C5B89DC8FE922C9 /* SwiftSplines in Frameworks */,
			);
			runOnlyForDeploymentPostprocessing = 0;
		};
		EF626F31EB5A8FD0B7F1E45A /* Frameworks */ = {
			isa = PBXFrameworksBuildPhase;
			buildActionMask = 2147483647;
			files = (
				671A1D4345A7E387DC8FB3DC /* alib2abstraction.xcframework in Frameworks */,
				42298E7C12E7F32E200CEDF2 /* alib2algo.xcframework in Frameworks */,
				4CF7C35080BB8AF7472DB44C /* alib2common.xcframework in Frameworks */,
				11D3C4E9F1132EA9EB3AF33A /* alib2data.xcframework in Frameworks */,
				1E645DC5BD6EFECA14C17719 /* alib2measure.xcframework in Frameworks */,
				16B2BAD4B4ED783A8AA73FE0 /* alib2std.xcframework in Frameworks */,
				0CC9B219866B16D28DD37257 /* alib2str.xcframework in Frameworks */,
				E87D9120110E6CA0CF157179 /* alib2xml.xcframework in Frameworks */,
			);
			runOnlyForDeploymentPostprocessing = 0;
		};
		F9B2718CE6E5FC4669008516 /* Frameworks */ = {
			isa = PBXFrameworksBuildPhase;
			buildActionMask = 2147483647;
			files = (
				C44DB2E38A9D7EFBAE2DF746 /* XCTest.framework in Frameworks */,
			);
			runOnlyForDeploymentPostprocessing = 0;
		};
/* End PBXFrameworksBuildPhase section */

/* Begin PBXGroup section */
		3486F2E698A27E98D9B5615B /* InfoPlists */ = {
			isa = PBXGroup;
			children = (
				62CBD7E8399C39223C7492FD /* AutomataEditor.plist */,
				1D16C0763C0EA4426F054DC4 /* AutomataEditorTests.plist */,
				5AF0B667A638FF8C3775331D /* SwiftAutomataLibrary.plist */,
			);
			path = InfoPlists;
			sourceTree = "<group>";
		};
		3F14DB81B652DC2ECD28BD53 /* Products */ = {
			isa = PBXGroup;
			children = (
				4B2E2D058267C82E05DB9415 /* AutomataEditor.app */,
				45BBACB03A8008BB7BB19C54 /* AutomataEditorTests.xctest */,
				C891FAFF1BDA9058350508AA /* SwiftAutomataLibrary.framework */,
			);
			name = Products;
			sourceTree = "<group>";
		};
		4D5AC01F69A281412E80E37A /* Derived */ = {
			isa = PBXGroup;
			children = (
				3486F2E698A27E98D9B5615B /* InfoPlists */,
			);
			path = Derived;
			sourceTree = "<group>";
		};
		6B905F8679B6818FB0F6E91D /* SwiftAutomataLibrary */ = {
			isa = PBXGroup;
			children = (
				8D454529D055B041A8CE8DE9 /* AutomatonRunResult.h */,
				803D70169C1D275F3E9DE643 /* AutomatonRunResult.m */,
				B98CCAAAB0F09CB0B6173358 /* NFA.h */,
				D218317B282C96038392D314 /* NFA.mm */,
				FC8E014137EC448CDA93C06A /* NFA.swift */,
				B67F323008EA7AFA141F342F /* SwiftAutomataLibrary-BridgingHeader.h */,
				86B956EDD6D1A74BCA8E70CC /* Transition.h */,
				F7818F85315BFDB963F990BD /* Transition.m */,
				1226F709591BAAB639FAD572 /* Transition.swift */,
			);
			path = SwiftAutomataLibrary;
			sourceTree = "<group>";
		};
		845810B6C05D69A1EAD6BF57 /* AutomataClassifierService */ = {
			isa = PBXGroup;
			children = (
				CEE127AE95A2493A7E2BBA08 /* AutomataClassifierService.swift */,
				F65A97211987A23D0ECFE0C7 /* AutomataClassifierServiceLive.swift */,
			);
			path = AutomataClassifierService;
			sourceTree = "<group>";
		};
		9761A45F52667E236A453B8F /* Frameworks */ = {
			isa = PBXGroup;
			children = (
				74838824B25EFE85151BB1F1 /* XCTest.framework */,
			);
			name = Frameworks;
			sourceTree = "<group>";
		};
		AD35491D4256D8BE5A82D2D4 /* IDFactory */ = {
			isa = PBXGroup;
			children = (
				84595D66441820203CFE1B8C /* IDFactory.swift */,
				7AE08BEB0EE4D03C75575CCC /* IDFactoryLive.swift */,
			);
			path = IDFactory;
			sourceTree = "<group>";
		};
		ADF7BD4442966A01FAAE6AF2 /* AutomataEditorTests */ = {
			isa = PBXGroup;
			children = (
				F148A277AF987F722C24AD5A /* EditorTests */,
			);
			path = AutomataEditorTests;
			sourceTree = "<group>";
		};
		B114CB3C360CC7317574E23D /* AutomataEditor */ = {
			isa = PBXGroup;
			children = (
				845810B6C05D69A1EAD6BF57 /* AutomataClassifierService */,
				F93AE40636FC6977CA885ED3 /* AutomataLibraryService */,
				C5D8D134D805BC8E684E39CC /* Editor */,
				D3B84CFFA03E75B001EC24B4 /* FlexibleView */,
				AD35491D4256D8BE5A82D2D4 /* IDFactory */,
				E7AB9BA2BA3417DFFCD1409A /* ShapeService */,
				92D93FF724B9E69823E69B2F /* AutomataEditorApp.swift */,
				66C02365F5DBDE48873BF7DD /* AutomatonState.swift */,
				F3CFCC982309D49FD9539465 /* AutomatonTransition.swift */,
				FBDBC85981D0F718A19C95F7 /* CanvasView.swift */,
				D69EC89748273D23FAC09CA6 /* CGPoint+Extra.swift */,
				94D8D6A66189598A07DBA9A1 /* CGPoint+Shape.swift */,
				F8B526902C1BDE0725F678C6 /* EditorButton.swift */,
				3C72A3351A334D7ECFA16515 /* Empty.swift */,
				B2BB8FA712FC5E0AF24ADEF1 /* Stroke.swift */,
				919C6939F58CCB9BDF929EDC /* TextView.swift */,
				8BD535312BABBB8AFBCB238E /* UIImage+Extra.swift */,
			);
			path = AutomataEditor;
			sourceTree = "<group>";
		};
		C3C184D3A252C0191E30C592 = {
			isa = PBXGroup;
			children = (
				DA4161E01B1A53DED2004D66 /* Project */,
				9761A45F52667E236A453B8F /* Frameworks */,
				3F14DB81B652DC2ECD28BD53 /* Products */,
			);
			sourceTree = "<group>";
		};
		C5D8D134D805BC8E684E39CC /* Editor */ = {
			isa = PBXGroup;
			children = (
				55CC102D57007F3A72A36DC3 /* AutomatonStatesView.swift */,
				075A8D45E2C41584A9E54666 /* EditorStore.swift */,
				95CEF971356030AB08D35280 /* EditorView.swift */,
				8DB5C8EAC7A7F763E3E0B3E2 /* TransitionsView.swift */,
			);
			path = Editor;
			sourceTree = "<group>";
		};
		D3B84CFFA03E75B001EC24B4 /* FlexibleView */ = {
			isa = PBXGroup;
			children = (
				08806B845E76D432EC655C53 /* _FlexibleView.swift */,
				919B7BEA7988E2E30A81065F /* FlexibleView.swift */,
				BF130B3B3F84E414720CF3B2 /* SizeReader.swift */,
			);
			path = FlexibleView;
			sourceTree = "<group>";
		};
		DA4161E01B1A53DED2004D66 /* Project */ = {
			isa = PBXGroup;
			children = (
				E04E37DDB84F42F8F680513C /* automata-editor-model */,
				B114CB3C360CC7317574E23D /* AutomataEditor */,
				ADF7BD4442966A01FAAE6AF2 /* AutomataEditorTests */,
				4D5AC01F69A281412E80E37A /* Derived */,
				6B905F8679B6818FB0F6E91D /* SwiftAutomataLibrary */,
				5FF1362923696D4B133C841B /* alib2abstraction.xcframework */,
				FA1069A8190F1DEF28E41133 /* alib2algo.xcframework */,
				85502D6DC61384B4A73D07EA /* alib2common.xcframework */,
				77BBC0FFE29C7B741FC99C9F /* alib2data.xcframework */,
				8F6D0E799B5122D48865AF40 /* alib2measure.xcframework */,
				47CD1C987F20D2D9A44962D2 /* alib2std.xcframework */,
				ACB4B447FC0D176FA69179F8 /* alib2str.xcframework */,
				C01A02644F750EF342D649AB /* alib2xml.xcframework */,
			);
			name = Project;
			sourceTree = "<group>";
		};
		E04E37DDB84F42F8F680513C /* automata-editor-model */ = {
			isa = PBXGroup;
			children = (
				C6E3936FEAAF838177C8356A /* AutomataClassifier.mlmodel */,
			);
			path = "automata-editor-model";
			sourceTree = "<group>";
		};
		E7AB9BA2BA3417DFFCD1409A /* ShapeService */ = {
			isa = PBXGroup;
			children = (
				9D757DE4CDF0AF7C05D1A0E6 /* ShapeService.swift */,
				9BE253F599BD3E6799E2C301 /* ShapeServiceLive.swift */,
			);
			path = ShapeService;
			sourceTree = "<group>";
		};
		F148A277AF987F722C24AD5A /* EditorTests */ = {
			isa = PBXGroup;
			children = (
				AECDA4D4D86EDBDD250D3443 /* EditorTests.swift */,
			);
			path = EditorTests;
			sourceTree = "<group>";
		};
		F93AE40636FC6977CA885ED3 /* AutomataLibraryService */ = {
			isa = PBXGroup;
			children = (
				8187747B4936793C6C454F25 /* AutomataLibraryService.swift */,
				E2C017CEA0114D4568699E47 /* AutomataLibraryServiceLive.swift */,
			);
			path = AutomataLibraryService;
			sourceTree = "<group>";
		};
/* End PBXGroup section */

/* Begin PBXHeadersBuildPhase section */
		468996B8741928443F33293C /* Headers */ = {
			isa = PBXHeadersBuildPhase;
			buildActionMask = 2147483647;
			files = (
				1C868C0350E9E6F08A92A6E3 /* AutomatonRunResult.h in Headers */,
				2D37B1A730ABCF6B29D12789 /* NFA.h in Headers */,
				4981D9249A82830951E34DDA /* SwiftAutomataLibrary-BridgingHeader.h in Headers */,
				9D6F798AC06D4CB2E9F4B715 /* Transition.h in Headers */,
			);
			runOnlyForDeploymentPostprocessing = 0;
		};
/* End PBXHeadersBuildPhase section */

/* Begin PBXNativeTarget section */
		4617F5A23EECA5931AA34CCD /* AutomataEditor */ = {
			isa = PBXNativeTarget;
			buildConfigurationList = 6874680A912B8C0612351572 /* Build configuration list for PBXNativeTarget "AutomataEditor" */;
			buildPhases = (
				0DE48AB46B752A9B1021430D /* Sources */,
				27E19D3841911C8A89B7F95F /* Resources */,
				5E46FA0C5F8BB21B5E9A41CF /* Embed Precompiled Frameworks */,
				0B743650CF6042D9621ED85C /* Embed Frameworks */,
				4A6CE7C99E81DF0B9CDE151D /* Frameworks */,
			);
			buildRules = (
			);
			dependencies = (
				72FAB649B46FAD92D3678B7F /* PBXTargetDependency */,
			);
			name = AutomataEditor;
			packageProductDependencies = (
				B8024D0AB4900AB85A36C054 /* ComposableArchitecture */,
				95514B488C71A36A1CBE5704 /* SwiftSplines */,
			);
			productName = AutomataEditor;
			productReference = 4B2E2D058267C82E05DB9415 /* AutomataEditor.app */;
			productType = "com.apple.product-type.application";
		};
		9F41BDD16D2F8B8565CE2480 /* AutomataEditorTests */ = {
			isa = PBXNativeTarget;
			buildConfigurationList = 0721925E1261EB01A42E0735 /* Build configuration list for PBXNativeTarget "AutomataEditorTests" */;
			buildPhases = (
				5B2C440BEA6F1D08453C4558 /* Sources */,
				35E5AF2643A26F02F06FBDA2 /* Resources */,
				CDC5597CED362D97E569BC56 /* Embed Precompiled Frameworks */,
				707E73EC40436F40A1DF8CFD /* Embed Frameworks */,
				F9B2718CE6E5FC4669008516 /* Frameworks */,
			);
			buildRules = (
			);
			dependencies = (
				E74A5BCA7432322E176B53D5 /* PBXTargetDependency */,
			);
			name = AutomataEditorTests;
			productName = AutomataEditorTests;
			productReference = 45BBACB03A8008BB7BB19C54 /* AutomataEditorTests.xctest */;
			productType = "com.apple.product-type.bundle.unit-test";
		};
		F157C8D004002DD67EDF6525 /* SwiftAutomataLibrary */ = {
			isa = PBXNativeTarget;
			buildConfigurationList = 901CA7AB5DFBFF895261C947 /* Build configuration list for PBXNativeTarget "SwiftAutomataLibrary" */;
			buildPhases = (
				468996B8741928443F33293C /* Headers */,
				5FA420F7DA1B3F1A0AFEE14C /* Sources */,
				4B48FBFF1E36CCCF97440C84 /* Resources */,
				5E9C2190092120C076790109 /* Embed Precompiled Frameworks */,
				E69744A00BDD7574AED4ADBB /* Embed Frameworks */,
				EF626F31EB5A8FD0B7F1E45A /* Frameworks */,
			);
			buildRules = (
			);
			dependencies = (
			);
			name = SwiftAutomataLibrary;
			productName = SwiftAutomataLibrary;
			productReference = C891FAFF1BDA9058350508AA /* SwiftAutomataLibrary.framework */;
			productType = "com.apple.product-type.framework";
		};
/* End PBXNativeTarget section */

/* Begin PBXProject section */
		63B5F7937D9AE8471AFDF63E /* Project object */ = {
			isa = PBXProject;
			attributes = {
				TargetAttributes = {
					9F41BDD16D2F8B8565CE2480 = {
						TestTargetID = 4617F5A23EECA5931AA34CCD;
					};
				};
			};
			buildConfigurationList = F5BD6A9A8E6410A1CF69CE64 /* Build configuration list for PBXProject "AutomataEditor" */;
			compatibilityVersion = "Xcode 9.3";
			developmentRegion = en;
			hasScannedForEncodings = 0;
			knownRegions = (
				Base,
				en,
			);
			mainGroup = C3C184D3A252C0191E30C592;
			packageReferences = (
				EF3B8ABC30E2FD9B98884CBC /* XCRemoteSwiftPackageReference "SwiftSplines" */,
				DE0FC3128E41453D37983CB5 /* XCRemoteSwiftPackageReference "swift-composable-architecture" */,
			);
			productRefGroup = 3F14DB81B652DC2ECD28BD53 /* Products */;
			projectDirPath = "";
			projectRoot = "";
			targets = (
				4617F5A23EECA5931AA34CCD /* AutomataEditor */,
				9F41BDD16D2F8B8565CE2480 /* AutomataEditorTests */,
				F157C8D004002DD67EDF6525 /* SwiftAutomataLibrary */,
			);
		};
/* End PBXProject section */

/* Begin PBXResourcesBuildPhase section */
		27E19D3841911C8A89B7F95F /* Resources */ = {
			isa = PBXResourcesBuildPhase;
			buildActionMask = 2147483647;
			files = (
			);
			runOnlyForDeploymentPostprocessing = 0;
		};
		35E5AF2643A26F02F06FBDA2 /* Resources */ = {
			isa = PBXResourcesBuildPhase;
			buildActionMask = 2147483647;
			files = (
			);
			runOnlyForDeploymentPostprocessing = 0;
		};
		4B48FBFF1E36CCCF97440C84 /* Resources */ = {
			isa = PBXResourcesBuildPhase;
			buildActionMask = 2147483647;
			files = (
			);
			runOnlyForDeploymentPostprocessing = 0;
		};
/* End PBXResourcesBuildPhase section */

/* Begin PBXShellScriptBuildPhase section */
		5E46FA0C5F8BB21B5E9A41CF /* Embed Precompiled Frameworks */ = {
			isa = PBXShellScriptBuildPhase;
			buildActionMask = 2147483647;
			files = (
			);
			inputPaths = (
			);
			name = "Embed Precompiled Frameworks";
			outputPaths = (
			);
			runOnlyForDeploymentPostprocessing = 0;
			shellPath = /bin/sh;
			shellScript = "echo \"Skipping, nothing to be embedded.\"";
		};
		5E9C2190092120C076790109 /* Embed Precompiled Frameworks */ = {
			isa = PBXShellScriptBuildPhase;
			buildActionMask = 2147483647;
			files = (
			);
			inputPaths = (
			);
			name = "Embed Precompiled Frameworks";
			outputPaths = (
			);
			runOnlyForDeploymentPostprocessing = 0;
			shellPath = /bin/sh;
			shellScript = "echo \"Skipping, nothing to be embedded.\"";
		};
		CDC5597CED362D97E569BC56 /* Embed Precompiled Frameworks */ = {
			isa = PBXShellScriptBuildPhase;
			buildActionMask = 2147483647;
			files = (
			);
			inputPaths = (
			);
			name = "Embed Precompiled Frameworks";
			outputPaths = (
			);
			runOnlyForDeploymentPostprocessing = 0;
			shellPath = /bin/sh;
			shellScript = "echo \"Skipping, nothing to be embedded.\"";
		};
/* End PBXShellScriptBuildPhase section */

/* Begin PBXSourcesBuildPhase section */
		0DE48AB46B752A9B1021430D /* Sources */ = {
			isa = PBXSourcesBuildPhase;
			buildActionMask = 2147483647;
			files = (
				72FEC29ACB95C27A94DE20A4 /* AutomataClassifierService.swift in Sources */,
				934EDAC9065299154DC4AF16 /* AutomataClassifierServiceLive.swift in Sources */,
				996F36C6F73620483305F506 /* AutomataEditorApp.swift in Sources */,
				BA21C06AA91841B79636F4ED /* AutomataLibraryService.swift in Sources */,
				BB5FA0319A368753BCEFC7F7 /* AutomataLibraryServiceLive.swift in Sources */,
				C70F64C557724B40E541216C /* AutomatonState.swift in Sources */,
				BB6C190802BFD6A42183C132 /* AutomatonTransition.swift in Sources */,
				D11F5842CF6A2BD3A1B31BD6 /* CGPoint+Extra.swift in Sources */,
				02AC72D9E8B9EB36D99BD4CB /* CGPoint+Shape.swift in Sources */,
				35D21618DE8A86F22BA12185 /* CanvasView.swift in Sources */,
				938AE16D6BF0FDF93BD0A5A5 /* AutomatonStatesView.swift in Sources */,
				B5DE57C10825BBEE1375143C /* EditorStore.swift in Sources */,
				078325FBEA58FC76785D6F4E /* EditorView.swift in Sources */,
				2751D181C8AB726D51C41B11 /* TransitionsView.swift in Sources */,
				790B670E48040C15CCF0E2E2 /* EditorButton.swift in Sources */,
				4F60BFF293FA011B3FDF7966 /* Empty.swift in Sources */,
				144CADED741B27513D138639 /* FlexibleView.swift in Sources */,
				68B5B59D68B63AFB0410E7C1 /* SizeReader.swift in Sources */,
				180A48659AF53470C2A0FC15 /* _FlexibleView.swift in Sources */,
				35A9A29E6CBAFCF9D8C70559 /* IDFactory.swift in Sources */,
				69C6CED3653CBFD75D110827 /* IDFactoryLive.swift in Sources */,
				D57DFC6D082E4A27E7E97FD8 /* ShapeService.swift in Sources */,
				B851C36B827B502840A6483E /* ShapeServiceLive.swift in Sources */,
				65FA8395A1C27B2405A7F4D6 /* Stroke.swift in Sources */,
				5C39D6EE886F8D91CA77E177 /* TextView.swift in Sources */,
				77F341E508763177EF7CE6FE /* UIImage+Extra.swift in Sources */,
				E6313F7ED04AEB41B5213C99 /* AutomataClassifier.mlmodel in Sources */,
			);
			runOnlyForDeploymentPostprocessing = 0;
		};
		5B2C440BEA6F1D08453C4558 /* Sources */ = {
			isa = PBXSourcesBuildPhase;
			buildActionMask = 2147483647;
			files = (
				945E05CC88987E6569FA96AA /* EditorTests.swift in Sources */,
			);
			runOnlyForDeploymentPostprocessing = 0;
		};
		5FA420F7DA1B3F1A0AFEE14C /* Sources */ = {
			isa = PBXSourcesBuildPhase;
			buildActionMask = 2147483647;
			files = (
				F9F84B3FC019DD7F95DB53F4 /* AutomatonRunResult.m in Sources */,
				C31A7A7BB475685710BA4AB5 /* NFA.mm in Sources */,
				50879917BDD9318236B531BB /* NFA.swift in Sources */,
				A6D6CE104F28B668776B033F /* Transition.m in Sources */,
				DC243A2092F46C1CD2757A31 /* Transition.swift in Sources */,
			);
			runOnlyForDeploymentPostprocessing = 0;
		};
/* End PBXSourcesBuildPhase section */

/* Begin PBXTargetDependency section */
		72FAB649B46FAD92D3678B7F /* PBXTargetDependency */ = {
			isa = PBXTargetDependency;
			name = SwiftAutomataLibrary;
			target = F157C8D004002DD67EDF6525 /* SwiftAutomataLibrary */;
			targetProxy = 01599AA196E47A579CA6FF28 /* PBXContainerItemProxy */;
		};
		E74A5BCA7432322E176B53D5 /* PBXTargetDependency */ = {
			isa = PBXTargetDependency;
			name = AutomataEditor;
			target = 4617F5A23EECA5931AA34CCD /* AutomataEditor */;
			targetProxy = 8C475B28F8615310A2418A8B /* PBXContainerItemProxy */;
		};
/* End PBXTargetDependency section */

/* Begin XCBuildConfiguration section */
		1EC18085B04D192E47F6F7E9 /* Debug */ = {
			isa = XCBuildConfiguration;
			buildSettings = {
				BUNDLE_LOADER = "$(TEST_HOST)";
				CODE_SIGN_IDENTITY = "iPhone Developer";
				FRAMEWORK_SEARCH_PATHS = (
					"$(inherited)",
					"$(PLATFORM_DIR)/Developer/Library/Frameworks",
				);
				INFOPLIST_FILE = Derived/InfoPlists/AutomataEditorTests.plist;
				LD_RUNPATH_SEARCH_PATHS = (
					"$(inherited)",
					"@executable_path/Frameworks",
					"@loader_path/Frameworks",
				);
				PRODUCT_BUNDLE_IDENTIFIER = marekfort.AutomataEditorTests;
				PRODUCT_NAME = AutomataEditorTests;
				SDKROOT = iphoneos;
				SUPPORTED_PLATFORMS = "iphonesimulator iphoneos";
				SWIFT_ACTIVE_COMPILATION_CONDITIONS = DEBUG;
				SWIFT_COMPILATION_MODE = singlefile;
				SWIFT_OPTIMIZATION_LEVEL = "-Onone";
				SWIFT_VERSION = 5.4.2;
				TARGETED_DEVICE_FAMILY = "1,2";
				TEST_HOST = "$(BUILT_PRODUCTS_DIR)/AutomataEditor.app/AutomataEditor";
				TEST_TARGET_NAME = AutomataEditor;
			};
			name = Debug;
		};
		220A033727AAC6C9E0E802E7 /* Debug */ = {
			isa = XCBuildConfiguration;
			buildSettings = {
				ASSETCATALOG_COMPILER_APPICON_NAME = AppIcon;
				CODE_SIGN_IDENTITY = "iPhone Developer";
				ENABLE_PREVIEWS = YES;
				INFOPLIST_FILE = Derived/InfoPlists/AutomataEditor.plist;
				IPHONEOS_DEPLOYMENT_TARGET = 14.0;
				LD_RUNPATH_SEARCH_PATHS = (
					"$(inherited)",
					"@executable_path/Frameworks",
				);
				PRODUCT_BUNDLE_IDENTIFIER = marekfort.AutomataEditor;
				PRODUCT_NAME = AutomataEditor;
				SDKROOT = iphoneos;
				SUPPORTED_PLATFORMS = "iphonesimulator iphoneos";
				SWIFT_ACTIVE_COMPILATION_CONDITIONS = DEBUG;
				SWIFT_COMPILATION_MODE = singlefile;
				SWIFT_OPTIMIZATION_LEVEL = "-Onone";
				SWIFT_VERSION = 5.4.2;
				TARGETED_DEVICE_FAMILY = 2;
			};
			name = Debug;
		};
		23A2B59D7ACE56FB6A2D04BE /* Debug */ = {
			isa = XCBuildConfiguration;
			buildSettings = {
				ALWAYS_SEARCH_USER_PATHS = NO;
				CLANG_ANALYZER_NONNULL = YES;
				CLANG_ANALYZER_NUMBER_OBJECT_CONVERSION = YES_AGGRESSIVE;
				CLANG_CXX_LANGUAGE_STANDARD = "gnu++14";
				CLANG_CXX_LIBRARY = "libc++";
				CLANG_ENABLE_MODULES = YES;
				CLANG_ENABLE_OBJC_ARC = YES;
				CLANG_ENABLE_OBJC_WEAK = YES;
				CLANG_WARN_BLOCK_CAPTURE_AUTORELEASING = YES;
				CLANG_WARN_BOOL_CONVERSION = YES;
				CLANG_WARN_COMMA = YES;
				CLANG_WARN_CONSTANT_CONVERSION = YES;
				CLANG_WARN_DEPRECATED_OBJC_IMPLEMENTATIONS = YES;
				CLANG_WARN_DIRECT_OBJC_ISA_USAGE = YES_ERROR;
				CLANG_WARN_DOCUMENTATION_COMMENTS = YES;
				CLANG_WARN_EMPTY_BODY = YES;
				CLANG_WARN_ENUM_CONVERSION = YES;
				CLANG_WARN_INFINITE_RECURSION = YES;
				CLANG_WARN_INT_CONVERSION = YES;
				CLANG_WARN_NON_LITERAL_NULL_CONVERSION = YES;
				CLANG_WARN_OBJC_IMPLICIT_RETAIN_SELF = YES;
				CLANG_WARN_OBJC_LITERAL_CONVERSION = YES;
				CLANG_WARN_OBJC_ROOT_CLASS = YES_ERROR;
				CLANG_WARN_QUOTED_INCLUDE_IN_FRAMEWORK_HEADER = YES;
				CLANG_WARN_RANGE_LOOP_ANALYSIS = YES;
				CLANG_WARN_STRICT_PROTOTYPES = YES;
				CLANG_WARN_SUSPICIOUS_MOVE = YES;
				CLANG_WARN_UNGUARDED_AVAILABILITY = YES_AGGRESSIVE;
				CLANG_WARN_UNREACHABLE_CODE = YES;
				CLANG_WARN__DUPLICATE_METHOD_MATCH = YES;
				COPY_PHASE_STRIP = NO;
				DEBUG_INFORMATION_FORMAT = dwarf;
				ENABLE_STRICT_OBJC_MSGSEND = YES;
				ENABLE_TESTABILITY = YES;
				GCC_C_LANGUAGE_STANDARD = gnu11;
				GCC_DYNAMIC_NO_PIC = NO;
				GCC_NO_COMMON_BLOCKS = YES;
				GCC_OPTIMIZATION_LEVEL = 0;
				GCC_PREPROCESSOR_DEFINITIONS = (
					"DEBUG=1",
					"$(inherited)",
				);
				GCC_WARN_64_TO_32_BIT_CONVERSION = YES;
				GCC_WARN_ABOUT_RETURN_TYPE = YES_ERROR;
				GCC_WARN_UNDECLARED_SELECTOR = YES;
				GCC_WARN_UNINITIALIZED_AUTOS = YES_AGGRESSIVE;
				GCC_WARN_UNUSED_FUNCTION = YES;
				GCC_WARN_UNUSED_VARIABLE = YES;
				MTL_ENABLE_DEBUG_INFO = YES;
				ONLY_ACTIVE_ARCH = YES;
				PRODUCT_NAME = "$(TARGET_NAME)";
			};
			name = Debug;
		};
		2CD86ABD3E2771AA4F3F4FD7 /* Release */ = {
			isa = XCBuildConfiguration;
			buildSettings = {
				ALWAYS_SEARCH_USER_PATHS = NO;
				CLANG_ANALYZER_NONNULL = YES;
				CLANG_ANALYZER_NUMBER_OBJECT_CONVERSION = YES_AGGRESSIVE;
				CLANG_CXX_LANGUAGE_STANDARD = "gnu++14";
				CLANG_CXX_LIBRARY = "libc++";
				CLANG_ENABLE_MODULES = YES;
				CLANG_ENABLE_OBJC_ARC = YES;
				CLANG_ENABLE_OBJC_WEAK = YES;
				CLANG_WARN_BLOCK_CAPTURE_AUTORELEASING = YES;
				CLANG_WARN_BOOL_CONVERSION = YES;
				CLANG_WARN_COMMA = YES;
				CLANG_WARN_CONSTANT_CONVERSION = YES;
				CLANG_WARN_DEPRECATED_OBJC_IMPLEMENTATIONS = YES;
				CLANG_WARN_DIRECT_OBJC_ISA_USAGE = YES_ERROR;
				CLANG_WARN_DOCUMENTATION_COMMENTS = YES;
				CLANG_WARN_EMPTY_BODY = YES;
				CLANG_WARN_ENUM_CONVERSION = YES;
				CLANG_WARN_INFINITE_RECURSION = YES;
				CLANG_WARN_INT_CONVERSION = YES;
				CLANG_WARN_NON_LITERAL_NULL_CONVERSION = YES;
				CLANG_WARN_OBJC_IMPLICIT_RETAIN_SELF = YES;
				CLANG_WARN_OBJC_LITERAL_CONVERSION = YES;
				CLANG_WARN_OBJC_ROOT_CLASS = YES_ERROR;
				CLANG_WARN_QUOTED_INCLUDE_IN_FRAMEWORK_HEADER = YES;
				CLANG_WARN_RANGE_LOOP_ANALYSIS = YES;
				CLANG_WARN_STRICT_PROTOTYPES = YES;
				CLANG_WARN_SUSPICIOUS_MOVE = YES;
				CLANG_WARN_UNGUARDED_AVAILABILITY = YES_AGGRESSIVE;
				CLANG_WARN_UNREACHABLE_CODE = YES;
				CLANG_WARN__DUPLICATE_METHOD_MATCH = YES;
				COPY_PHASE_STRIP = NO;
				DEBUG_INFORMATION_FORMAT = "dwarf-with-dsym";
				ENABLE_NS_ASSERTIONS = NO;
				ENABLE_STRICT_OBJC_MSGSEND = YES;
				GCC_C_LANGUAGE_STANDARD = gnu11;
				GCC_NO_COMMON_BLOCKS = YES;
				GCC_WARN_64_TO_32_BIT_CONVERSION = YES;
				GCC_WARN_ABOUT_RETURN_TYPE = YES_ERROR;
				GCC_WARN_UNDECLARED_SELECTOR = YES;
				GCC_WARN_UNINITIALIZED_AUTOS = YES_AGGRESSIVE;
				GCC_WARN_UNUSED_FUNCTION = YES;
				GCC_WARN_UNUSED_VARIABLE = YES;
				MTL_ENABLE_DEBUG_INFO = NO;
				PRODUCT_NAME = "$(TARGET_NAME)";
				VALIDATE_PRODUCT = YES;
			};
			name = Release;
		};
		8E27D73E623C982A0C593A6A /* Release */ = {
			isa = XCBuildConfiguration;
			buildSettings = {
				BUNDLE_LOADER = "$(TEST_HOST)";
				CODE_SIGN_IDENTITY = "iPhone Developer";
				FRAMEWORK_SEARCH_PATHS = (
					"$(inherited)",
					"$(PLATFORM_DIR)/Developer/Library/Frameworks",
				);
				INFOPLIST_FILE = Derived/InfoPlists/AutomataEditorTests.plist;
				LD_RUNPATH_SEARCH_PATHS = (
					"$(inherited)",
					"@executable_path/Frameworks",
					"@loader_path/Frameworks",
				);
				PRODUCT_BUNDLE_IDENTIFIER = marekfort.AutomataEditorTests;
				PRODUCT_NAME = AutomataEditorTests;
				SDKROOT = iphoneos;
				SUPPORTED_PLATFORMS = "iphonesimulator iphoneos";
				SWIFT_COMPILATION_MODE = wholemodule;
				SWIFT_OPTIMIZATION_LEVEL = "-Owholemodule";
				SWIFT_VERSION = 5.4.2;
				TARGETED_DEVICE_FAMILY = "1,2";
				TEST_HOST = "$(BUILT_PRODUCTS_DIR)/AutomataEditor.app/AutomataEditor";
				TEST_TARGET_NAME = AutomataEditor;
			};
			name = Release;
		};
		AD990D6CAE866C659A45EFB7 /* Release */ = {
			isa = XCBuildConfiguration;
			buildSettings = {
				ASSETCATALOG_COMPILER_APPICON_NAME = AppIcon;
				CODE_SIGN_IDENTITY = "iPhone Developer";
				ENABLE_PREVIEWS = YES;
				INFOPLIST_FILE = Derived/InfoPlists/AutomataEditor.plist;
				IPHONEOS_DEPLOYMENT_TARGET = 14.0;
				LD_RUNPATH_SEARCH_PATHS = (
					"$(inherited)",
					"@executable_path/Frameworks",
				);
				PRODUCT_BUNDLE_IDENTIFIER = marekfort.AutomataEditor;
				PRODUCT_NAME = AutomataEditor;
				SDKROOT = iphoneos;
				SUPPORTED_PLATFORMS = "iphonesimulator iphoneos";
				SWIFT_COMPILATION_MODE = wholemodule;
				SWIFT_OPTIMIZATION_LEVEL = "-Owholemodule";
				SWIFT_VERSION = 5.4.2;
				TARGETED_DEVICE_FAMILY = 2;
			};
			name = Release;
		};
		CF03204EE53C56B2EC8E486C /* Debug */ = {
			isa = XCBuildConfiguration;
			buildSettings = {
				CODE_SIGN_IDENTITY = "";
				CURRENT_PROJECT_VERSION = 1;
				DEFINES_MODULE = YES;
				DYLIB_COMPATIBILITY_VERSION = 1;
				DYLIB_CURRENT_VERSION = 1;
				DYLIB_INSTALL_NAME_BASE = "@rpath";
				FRAMEWORK_SEARCH_PATHS = (
					"$(inherited)",
					"$(SRCROOT)/.",
				);
				HEADER_SEARCH_PATHS = (
					"$(SRCROOT)/automata-library/alib2abstraction/src",
					"$(SRCROOT)/automata-library/alib2algo/src",
					"$(SRCROOT)/automata-library/alib2common/src",
					"$(SRCROOT)/automata-library/alib2data/src",
					"$(SRCROOT)/automata-library/alib2measure/src",
					"$(SRCROOT)/automata-library/alib2std/src",
					"$(SRCROOT)/automata-library/alib2str/src",
					"$(SRCROOT)/automata-library/alib2xml/src",
				);
				INFOPLIST_FILE = Derived/InfoPlists/SwiftAutomataLibrary.plist;
				INSTALL_PATH = "$(LOCAL_LIBRARY_DIR)/Frameworks";
				IPHONEOS_DEPLOYMENT_TARGET = 14.0;
				LD_RUNPATH_SEARCH_PATHS = (
					"$(inherited)",
					"@executable_path/Frameworks",
					"@loader_path/Frameworks",
				);
				OTHER_CPLUSPLUSFLAGS = (
					"$(OTHER_CFLAGS)",
					"'-std=gnu++17'",
				);
				PRODUCT_BUNDLE_IDENTIFIER = marekfort.SwiftAutomataLibrary;
				PRODUCT_NAME = SwiftAutomataLibrary;
				SDKROOT = iphoneos;
				SKIP_INSTALL = YES;
				SUPPORTED_PLATFORMS = "iphonesimulator iphoneos";
				SWIFT_ACTIVE_COMPILATION_CONDITIONS = DEBUG;
				SWIFT_COMPILATION_MODE = singlefile;
				SWIFT_OBJC_BRIDGING_HEADER = "$(SRCROOT)/SwiftAutomataLibrary/SwiftAutomataLibrary-BridgingHeader.h";
				SWIFT_OPTIMIZATION_LEVEL = "-Onone";
				SWIFT_VERSION = 5.4.2;
				TARGETED_DEVICE_FAMILY = 2;
				VERSIONING_SYSTEM = "apple-generic";
				VERSION_INFO_PREFIX = "";
			};
			name = Debug;
		};
		F30C9797EAEFCF98A9C70CA7 /* Release */ = {
			isa = XCBuildConfiguration;
			buildSettings = {
				CODE_SIGN_IDENTITY = "";
				CURRENT_PROJECT_VERSION = 1;
				DEFINES_MODULE = YES;
				DYLIB_COMPATIBILITY_VERSION = 1;
				DYLIB_CURRENT_VERSION = 1;
				DYLIB_INSTALL_NAME_BASE = "@rpath";
				FRAMEWORK_SEARCH_PATHS = (
					"$(inherited)",
					"$(SRCROOT)/.",
				);
				HEADER_SEARCH_PATHS = (
					"$(SRCROOT)/automata-library/alib2abstraction/src",
					"$(SRCROOT)/automata-library/alib2algo/src",
					"$(SRCROOT)/automata-library/alib2common/src",
					"$(SRCROOT)/automata-library/alib2data/src",
					"$(SRCROOT)/automata-library/alib2measure/src",
					"$(SRCROOT)/automata-library/alib2std/src",
					"$(SRCROOT)/automata-library/alib2str/src",
					"$(SRCROOT)/automata-library/alib2xml/src",
				);
				INFOPLIST_FILE = Derived/InfoPlists/SwiftAutomataLibrary.plist;
				INSTALL_PATH = "$(LOCAL_LIBRARY_DIR)/Frameworks";
				IPHONEOS_DEPLOYMENT_TARGET = 14.0;
				LD_RUNPATH_SEARCH_PATHS = (
					"$(inherited)",
					"@executable_path/Frameworks",
					"@loader_path/Frameworks",
				);
				OTHER_CPLUSPLUSFLAGS = (
					"$(OTHER_CFLAGS)",
					"'-std=gnu++17'",
				);
				PRODUCT_BUNDLE_IDENTIFIER = marekfort.SwiftAutomataLibrary;
				PRODUCT_NAME = SwiftAutomataLibrary;
				SDKROOT = iphoneos;
				SKIP_INSTALL = YES;
				SUPPORTED_PLATFORMS = "iphonesimulator iphoneos";
				SWIFT_COMPILATION_MODE = wholemodule;
				SWIFT_OBJC_BRIDGING_HEADER = "$(SRCROOT)/SwiftAutomataLibrary/SwiftAutomataLibrary-BridgingHeader.h";
				SWIFT_OPTIMIZATION_LEVEL = "-Owholemodule";
				SWIFT_VERSION = 5.4.2;
				TARGETED_DEVICE_FAMILY = 2;
				VERSIONING_SYSTEM = "apple-generic";
				VERSION_INFO_PREFIX = "";
			};
			name = Release;
		};
/* End XCBuildConfiguration section */

/* Begin XCConfigurationList section */
		0721925E1261EB01A42E0735 /* Build configuration list for PBXNativeTarget "AutomataEditorTests" */ = {
			isa = XCConfigurationList;
			buildConfigurations = (
				1EC18085B04D192E47F6F7E9 /* Debug */,
				8E27D73E623C982A0C593A6A /* Release */,
			);
			defaultConfigurationIsVisible = 0;
			defaultConfigurationName = Release;
		};
		6874680A912B8C0612351572 /* Build configuration list for PBXNativeTarget "AutomataEditor" */ = {
			isa = XCConfigurationList;
			buildConfigurations = (
				220A033727AAC6C9E0E802E7 /* Debug */,
				AD990D6CAE866C659A45EFB7 /* Release */,
			);
			defaultConfigurationIsVisible = 0;
			defaultConfigurationName = Release;
		};
		901CA7AB5DFBFF895261C947 /* Build configuration list for PBXNativeTarget "SwiftAutomataLibrary" */ = {
			isa = XCConfigurationList;
			buildConfigurations = (
				CF03204EE53C56B2EC8E486C /* Debug */,
				F30C9797EAEFCF98A9C70CA7 /* Release */,
			);
			defaultConfigurationIsVisible = 0;
			defaultConfigurationName = Release;
		};
		F5BD6A9A8E6410A1CF69CE64 /* Build configuration list for PBXProject "AutomataEditor" */ = {
			isa = XCConfigurationList;
			buildConfigurations = (
				23A2B59D7ACE56FB6A2D04BE /* Debug */,
				2CD86ABD3E2771AA4F3F4FD7 /* Release */,
			);
			defaultConfigurationIsVisible = 0;
			defaultConfigurationName = Release;
		};
/* End XCConfigurationList section */

/* Begin XCRemoteSwiftPackageReference section */
		DE0FC3128E41453D37983CB5 /* XCRemoteSwiftPackageReference "swift-composable-architecture" */ = {
			isa = XCRemoteSwiftPackageReference;
			repositoryURL = "https://github.com/pointfreeco/swift-composable-architecture";
			requirement = {
				kind = upToNextMajorVersion;
				minimumVersion = 0.19.0;
			};
		};
		EF3B8ABC30E2FD9B98884CBC /* XCRemoteSwiftPackageReference "SwiftSplines" */ = {
			isa = XCRemoteSwiftPackageReference;
			repositoryURL = "https://github.com/Bersaelor/SwiftSplines";
			requirement = {
				kind = upToNextMajorVersion;
				minimumVersion = 0.3.0;
			};
		};
/* End XCRemoteSwiftPackageReference section */

/* Begin XCSwiftPackageProductDependency section */
		95514B488C71A36A1CBE5704 /* SwiftSplines */ = {
			isa = XCSwiftPackageProductDependency;
			productName = SwiftSplines;
		};
		B8024D0AB4900AB85A36C054 /* ComposableArchitecture */ = {
			isa = XCSwiftPackageProductDependency;
			productName = ComposableArchitecture;
		};
/* End XCSwiftPackageProductDependency section */
	};
	rootObject = 63B5F7937D9AE8471AFDF63E /* Project object */;
}
