// !$*UTF8*$!
{
	archiveVersion = 1;
	classes = {
	};
	objectVersion = 50;
	objects = {

/* Begin PBXBuildFile section */
		F85184E125DD1C0800791701 /* AutomataEditorApp.swift in Sources */ = {isa = PBXBuildFile; fileRef = F85184E025DD1C0800791701 /* AutomataEditorApp.swift */; };
		F85184E325DD1C0800791701 /* ContentView.swift in Sources */ = {isa = PBXBuildFile; fileRef = F85184E225DD1C0800791701 /* ContentView.swift */; };
		F85184E525DD1C0C00791701 /* Assets.xcassets in Resources */ = {isa = PBXBuildFile; fileRef = F85184E425DD1C0C00791701 /* Assets.xcassets */; };
		F85184E825DD1C0C00791701 /* Preview Assets.xcassets in Resources */ = {isa = PBXBuildFile; fileRef = F85184E725DD1C0C00791701 /* Preview Assets.xcassets */; };
		F85184F325DD1C0D00791701 /* AutomataEditorTests.swift in Sources */ = {isa = PBXBuildFile; fileRef = F85184F225DD1C0D00791701 /* AutomataEditorTests.swift */; };
		F85184FE25DD1C0D00791701 /* AutomataEditorUITests.swift in Sources */ = {isa = PBXBuildFile; fileRef = F85184FD25DD1C0D00791701 /* AutomataEditorUITests.swift */; };
/* End PBXBuildFile section */

/* Begin PBXContainerItemProxy section */
		F85184EF25DD1C0D00791701 /* PBXContainerItemProxy */ = {
			isa = PBXContainerItemProxy;
			containerPortal = F85184D525DD1C0600791701 /* Project object */;
			proxyType = 1;
			remoteGlobalIDString = F85184DC25DD1C0700791701;
			remoteInfo = AutomataEditor;
		};
		F85184FA25DD1C0D00791701 /* PBXContainerItemProxy */ = {
			isa = PBXContainerItemProxy;
			containerPortal = F85184D525DD1C0600791701 /* Project object */;
			proxyType = 1;
			remoteGlobalIDString = F85184DC25DD1C0700791701;
			remoteInfo = AutomataEditor;
		};
/* End PBXContainerItemProxy section */

/* Begin PBXFileReference section */
		F85184DD25DD1C0700791701 /* AutomataEditor.app */ = {isa = PBXFileReference; explicitFileType = wrapper.application; includeInIndex = 0; path = AutomataEditor.app; sourceTree = BUILT_PRODUCTS_DIR; };
		F85184E025DD1C0800791701 /* AutomataEditorApp.swift */ = {isa = PBXFileReference; lastKnownFileType = sourcecode.swift; path = AutomataEditorApp.swift; sourceTree = "<group>"; };
		F85184E225DD1C0800791701 /* ContentView.swift */ = {isa = PBXFileReference; lastKnownFileType = sourcecode.swift; path = ContentView.swift; sourceTree = "<group>"; };
		F85184E425DD1C0C00791701 /* Assets.xcassets */ = {isa = PBXFileReference; lastKnownFileType = folder.assetcatalog; path = Assets.xcassets; sourceTree = "<group>"; };
		F85184E725DD1C0C00791701 /* Preview Assets.xcassets */ = {isa = PBXFileReference; lastKnownFileType = folder.assetcatalog; path = "Preview Assets.xcassets"; sourceTree = "<group>"; };
		F85184E925DD1C0C00791701 /* Info.plist */ = {isa = PBXFileReference; lastKnownFileType = text.plist.xml; path = Info.plist; sourceTree = "<group>"; };
		F85184EE25DD1C0D00791701 /* AutomataEditorTests.xctest */ = {isa = PBXFileReference; explicitFileType = wrapper.cfbundle; includeInIndex = 0; path = AutomataEditorTests.xctest; sourceTree = BUILT_PRODUCTS_DIR; };
		F85184F225DD1C0D00791701 /* AutomataEditorTests.swift */ = {isa = PBXFileReference; lastKnownFileType = sourcecode.swift; path = AutomataEditorTests.swift; sourceTree = "<group>"; };
		F85184F425DD1C0D00791701 /* Info.plist */ = {isa = PBXFileReference; lastKnownFileType = text.plist.xml; path = Info.plist; sourceTree = "<group>"; };
		F85184F925DD1C0D00791701 /* AutomataEditorUITests.xctest */ = {isa = PBXFileReference; explicitFileType = wrapper.cfbundle; includeInIndex = 0; path = AutomataEditorUITests.xctest; sourceTree = BUILT_PRODUCTS_DIR; };
		F85184FD25DD1C0D00791701 /* AutomataEditorUITests.swift */ = {isa = PBXFileReference; lastKnownFileType = sourcecode.swift; path = AutomataEditorUITests.swift; sourceTree = "<group>"; };
		F85184FF25DD1C0D00791701 /* Info.plist */ = {isa = PBXFileReference; lastKnownFileType = text.plist.xml; path = Info.plist; sourceTree = "<group>"; };
/* End PBXFileReference section */

/* Begin PBXFrameworksBuildPhase section */
		F85184DA25DD1C0700791701 /* Frameworks */ = {
			isa = PBXFrameworksBuildPhase;
			buildActionMask = 2147483647;
			files = (
			);
			runOnlyForDeploymentPostprocessing = 0;
		};
		F85184EB25DD1C0D00791701 /* Frameworks */ = {
			isa = PBXFrameworksBuildPhase;
			buildActionMask = 2147483647;
			files = (
			);
			runOnlyForDeploymentPostprocessing = 0;
		};
		F85184F625DD1C0D00791701 /* Frameworks */ = {
			isa = PBXFrameworksBuildPhase;
			buildActionMask = 2147483647;
			files = (
			);
			runOnlyForDeploymentPostprocessing = 0;
		};
/* End PBXFrameworksBuildPhase section */

/* Begin PBXGroup section */
		F85184D425DD1C0600791701 = {
			isa = PBXGroup;
			children = (
				F85184DF25DD1C0700791701 /* AutomataEditor */,
				F85184F125DD1C0D00791701 /* AutomataEditorTests */,
				F85184FC25DD1C0D00791701 /* AutomataEditorUITests */,
				F85184DE25DD1C0700791701 /* Products */,
			);
			sourceTree = "<group>";
		};
		F85184DE25DD1C0700791701 /* Products */ = {
			isa = PBXGroup;
			children = (
				F85184DD25DD1C0700791701 /* AutomataEditor.app */,
				F85184EE25DD1C0D00791701 /* AutomataEditorTests.xctest */,
				F85184F925DD1C0D00791701 /* AutomataEditorUITests.xctest */,
			);
			name = Products;
			sourceTree = "<group>";
		};
		F85184DF25DD1C0700791701 /* AutomataEditor */ = {
			isa = PBXGroup;
			children = (
				F85184E025DD1C0800791701 /* AutomataEditorApp.swift */,
				F85184E225DD1C0800791701 /* ContentView.swift */,
				F85184E425DD1C0C00791701 /* Assets.xcassets */,
				F85184E925DD1C0C00791701 /* Info.plist */,
				F85184E625DD1C0C00791701 /* Preview Content */,
			);
			path = AutomataEditor;
			sourceTree = "<group>";
		};
		F85184E625DD1C0C00791701 /* Preview Content */ = {
			isa = PBXGroup;
			children = (
				F85184E725DD1C0C00791701 /* Preview Assets.xcassets */,
			);
			path = "Preview Content";
			sourceTree = "<group>";
		};
		F85184F125DD1C0D00791701 /* AutomataEditorTests */ = {
			isa = PBXGroup;
			children = (
				F85184F225DD1C0D00791701 /* AutomataEditorTests.swift */,
				F85184F425DD1C0D00791701 /* Info.plist */,
			);
			path = AutomataEditorTests;
			sourceTree = "<group>";
		};
		F85184FC25DD1C0D00791701 /* AutomataEditorUITests */ = {
			isa = PBXGroup;
			children = (
				F85184FD25DD1C0D00791701 /* AutomataEditorUITests.swift */,
				F85184FF25DD1C0D00791701 /* Info.plist */,
			);
			path = AutomataEditorUITests;
			sourceTree = "<group>";
		};
/* End PBXGroup section */

/* Begin PBXNativeTarget section */
		F85184DC25DD1C0700791701 /* AutomataEditor */ = {
			isa = PBXNativeTarget;
			buildConfigurationList = F851850225DD1C0D00791701 /* Build configuration list for PBXNativeTarget "AutomataEditor" */;
			buildPhases = (
				F85184D925DD1C0700791701 /* Sources */,
				F85184DA25DD1C0700791701 /* Frameworks */,
				F85184DB25DD1C0700791701 /* Resources */,
			);
			buildRules = (
			);
			dependencies = (
			);
			name = AutomataEditor;
			productName = AutomataEditor;
			productReference = F85184DD25DD1C0700791701 /* AutomataEditor.app */;
			productType = "com.apple.product-type.application";
		};
		F85184ED25DD1C0D00791701 /* AutomataEditorTests */ = {
			isa = PBXNativeTarget;
			buildConfigurationList = F851850525DD1C0D00791701 /* Build configuration list for PBXNativeTarget "AutomataEditorTests" */;
			buildPhases = (
				F85184EA25DD1C0D00791701 /* Sources */,
				F85184EB25DD1C0D00791701 /* Frameworks */,
				F85184EC25DD1C0D00791701 /* Resources */,
			);
			buildRules = (
			);
			dependencies = (
				F85184F025DD1C0D00791701 /* PBXTargetDependency */,
			);
			name = AutomataEditorTests;
			productName = AutomataEditorTests;
			productReference = F85184EE25DD1C0D00791701 /* AutomataEditorTests.xctest */;
			productType = "com.apple.product-type.bundle.unit-test";
		};
		F85184F825DD1C0D00791701 /* AutomataEditorUITests */ = {
			isa = PBXNativeTarget;
			buildConfigurationList = F851850825DD1C0D00791701 /* Build configuration list for PBXNativeTarget "AutomataEditorUITests" */;
			buildPhases = (
				F85184F525DD1C0D00791701 /* Sources */,
				F85184F625DD1C0D00791701 /* Frameworks */,
				F85184F725DD1C0D00791701 /* Resources */,
			);
			buildRules = (
			);
			dependencies = (
				F85184FB25DD1C0D00791701 /* PBXTargetDependency */,
			);
			name = AutomataEditorUITests;
			productName = AutomataEditorUITests;
			productReference = F85184F925DD1C0D00791701 /* AutomataEditorUITests.xctest */;
			productType = "com.apple.product-type.bundle.ui-testing";
		};
/* End PBXNativeTarget section */

/* Begin PBXProject section */
		F85184D525DD1C0600791701 /* Project object */ = {
			isa = PBXProject;
			attributes = {
				LastSwiftUpdateCheck = 1230;
				LastUpgradeCheck = 1230;
				TargetAttributes = {
					F85184DC25DD1C0700791701 = {
						CreatedOnToolsVersion = 12.3;
					};
					F85184ED25DD1C0D00791701 = {
						CreatedOnToolsVersion = 12.3;
						TestTargetID = F85184DC25DD1C0700791701;
					};
					F85184F825DD1C0D00791701 = {
						CreatedOnToolsVersion = 12.3;
						TestTargetID = F85184DC25DD1C0700791701;
					};
				};
			};
			buildConfigurationList = F85184D825DD1C0600791701 /* Build configuration list for PBXProject "AutomataEditor" */;
			compatibilityVersion = "Xcode 9.3";
			developmentRegion = en;
			hasScannedForEncodings = 0;
			knownRegions = (
				en,
				Base,
			);
			mainGroup = F85184D425DD1C0600791701;
			productRefGroup = F85184DE25DD1C0700791701 /* Products */;
			projectDirPath = "";
			projectRoot = "";
			targets = (
				F85184DC25DD1C0700791701 /* AutomataEditor */,
				F85184ED25DD1C0D00791701 /* AutomataEditorTests */,
				F85184F825DD1C0D00791701 /* AutomataEditorUITests */,
			);
		};
/* End PBXProject section */

/* Begin PBXResourcesBuildPhase section */
		F85184DB25DD1C0700791701 /* Resources */ = {
			isa = PBXResourcesBuildPhase;
			buildActionMask = 2147483647;
			files = (
				F85184E825DD1C0C00791701 /* Preview Assets.xcassets in Resources */,
				F85184E525DD1C0C00791701 /* Assets.xcassets in Resources */,
			);
			runOnlyForDeploymentPostprocessing = 0;
		};
		F85184EC25DD1C0D00791701 /* Resources */ = {
			isa = PBXResourcesBuildPhase;
			buildActionMask = 2147483647;
			files = (
			);
			runOnlyForDeploymentPostprocessing = 0;
		};
		F85184F725DD1C0D00791701 /* Resources */ = {
			isa = PBXResourcesBuildPhase;
			buildActionMask = 2147483647;
			files = (
			);
			runOnlyForDeploymentPostprocessing = 0;
		};
/* End PBXResourcesBuildPhase section */

/* Begin PBXSourcesBuildPhase section */
		F85184D925DD1C0700791701 /* Sources */ = {
			isa = PBXSourcesBuildPhase;
			buildActionMask = 2147483647;
			files = (
				F85184E325DD1C0800791701 /* ContentView.swift in Sources */,
				F85184E125DD1C0800791701 /* AutomataEditorApp.swift in Sources */,
			);
			runOnlyForDeploymentPostprocessing = 0;
		};
		F85184EA25DD1C0D00791701 /* Sources */ = {
			isa = PBXSourcesBuildPhase;
			buildActionMask = 2147483647;
			files = (
				F85184F325DD1C0D00791701 /* AutomataEditorTests.swift in Sources */,
			);
			runOnlyForDeploymentPostprocessing = 0;
		};
		F85184F525DD1C0D00791701 /* Sources */ = {
			isa = PBXSourcesBuildPhase;
			buildActionMask = 2147483647;
			files = (
				F85184FE25DD1C0D00791701 /* AutomataEditorUITests.swift in Sources */,
			);
			runOnlyForDeploymentPostprocessing = 0;
		};
/* End PBXSourcesBuildPhase section */

/* Begin PBXTargetDependency section */
		F85184F025DD1C0D00791701 /* PBXTargetDependency */ = {
			isa = PBXTargetDependency;
			target = F85184DC25DD1C0700791701 /* AutomataEditor */;
			targetProxy = F85184EF25DD1C0D00791701 /* PBXContainerItemProxy */;
		};
		F85184FB25DD1C0D00791701 /* PBXTargetDependency */ = {
			isa = PBXTargetDependency;
			target = F85184DC25DD1C0700791701 /* AutomataEditor */;
			targetProxy = F85184FA25DD1C0D00791701 /* PBXContainerItemProxy */;
		};
/* End PBXTargetDependency section */

/* Begin XCBuildConfiguration section */
		F851850025DD1C0D00791701 /* Debug */ = {
			isa = XCBuildConfiguration;
			buildSettings = {
				ALWAYS_SEARCH_USER_PATHS = NO;
				CLANG_ANALYZER_NONNULL = YES;
				CLANG_ANALYZER_NUMBER_OBJECT_CONVERSION = YES_AGGRESSIVE;
				CLANG_CXX_LANGUAGE_STANDARD = "gnu++14";
				CLANG_CXX_LIBRARY = "libc++";
				CLANG_ENABLE_MODULES = YES;
				CLANG_ENABLE_OBJC_ARC = YES;
				CLANG_ENABLE_OBJC_WEAK = YES;
				CLANG_WARN_BLOCK_CAPTURE_AUTORELEASING = YES;
				CLANG_WARN_BOOL_CONVERSION = YES;
				CLANG_WARN_COMMA = YES;
				CLANG_WARN_CONSTANT_CONVERSION = YES;
				CLANG_WARN_DEPRECATED_OBJC_IMPLEMENTATIONS = YES;
				CLANG_WARN_DIRECT_OBJC_ISA_USAGE = YES_ERROR;
				CLANG_WARN_DOCUMENTATION_COMMENTS = YES;
				CLANG_WARN_EMPTY_BODY = YES;
				CLANG_WARN_ENUM_CONVERSION = YES;
				CLANG_WARN_INFINITE_RECURSION = YES;
				CLANG_WARN_INT_CONVERSION = YES;
				CLANG_WARN_NON_LITERAL_NULL_CONVERSION = YES;
				CLANG_WARN_OBJC_IMPLICIT_RETAIN_SELF = YES;
				CLANG_WARN_OBJC_LITERAL_CONVERSION = YES;
				CLANG_WARN_OBJC_ROOT_CLASS = YES_ERROR;
				CLANG_WARN_QUOTED_INCLUDE_IN_FRAMEWORK_HEADER = YES;
				CLANG_WARN_RANGE_LOOP_ANALYSIS = YES;
				CLANG_WARN_STRICT_PROTOTYPES = YES;
				CLANG_WARN_SUSPICIOUS_MOVE = YES;
				CLANG_WARN_UNGUARDED_AVAILABILITY = YES_AGGRESSIVE;
				CLANG_WARN_UNREACHABLE_CODE = YES;
				CLANG_WARN__DUPLICATE_METHOD_MATCH = YES;
				COPY_PHASE_STRIP = NO;
				DEBUG_INFORMATION_FORMAT = dwarf;
				ENABLE_STRICT_OBJC_MSGSEND = YES;
				ENABLE_TESTABILITY = YES;
				GCC_C_LANGUAGE_STANDARD = gnu11;
				GCC_DYNAMIC_NO_PIC = NO;
				GCC_NO_COMMON_BLOCKS = YES;
				GCC_OPTIMIZATION_LEVEL = 0;
				GCC_PREPROCESSOR_DEFINITIONS = (
					"DEBUG=1",
					"$(inherited)",
				);
				GCC_WARN_64_TO_32_BIT_CONVERSION = YES;
				GCC_WARN_ABOUT_RETURN_TYPE = YES_ERROR;
				GCC_WARN_UNDECLARED_SELECTOR = YES;
				GCC_WARN_UNINITIALIZED_AUTOS = YES_AGGRESSIVE;
				GCC_WARN_UNUSED_FUNCTION = YES;
				GCC_WARN_UNUSED_VARIABLE = YES;
				IPHONEOS_DEPLOYMENT_TARGET = 14.3;
				MTL_ENABLE_DEBUG_INFO = INCLUDE_SOURCE;
				MTL_FAST_MATH = YES;
				ONLY_ACTIVE_ARCH = YES;
				SDKROOT = iphoneos;
				SWIFT_ACTIVE_COMPILATION_CONDITIONS = DEBUG;
				SWIFT_OPTIMIZATION_LEVEL = "-Onone";
			};
			name = Debug;
		};
		F851850125DD1C0D00791701 /* Release */ = {
			isa = XCBuildConfiguration;
			buildSettings = {
				ALWAYS_SEARCH_USER_PATHS = NO;
				CLANG_ANALYZER_NONNULL = YES;
				CLANG_ANALYZER_NUMBER_OBJECT_CONVERSION = YES_AGGRESSIVE;
				CLANG_CXX_LANGUAGE_STANDARD = "gnu++14";
				CLANG_CXX_LIBRARY = "libc++";
				CLANG_ENABLE_MODULES = YES;
				CLANG_ENABLE_OBJC_ARC = YES;
				CLANG_ENABLE_OBJC_WEAK = YES;
				CLANG_WARN_BLOCK_CAPTURE_AUTORELEASING = YES;
				CLANG_WARN_BOOL_CONVERSION = YES;
				CLANG_WARN_COMMA = YES;
				CLANG_WARN_CONSTANT_CONVERSION = YES;
				CLANG_WARN_DEPRECATED_OBJC_IMPLEMENTATIONS = YES;
				CLANG_WARN_DIRECT_OBJC_ISA_USAGE = YES_ERROR;
				CLANG_WARN_DOCUMENTATION_COMMENTS = YES;
				CLANG_WARN_EMPTY_BODY = YES;
				CLANG_WARN_ENUM_CONVERSION = YES;
				CLANG_WARN_INFINITE_RECURSION = YES;
				CLANG_WARN_INT_CONVERSION = YES;
				CLANG_WARN_NON_LITERAL_NULL_CONVERSION = YES;
				CLANG_WARN_OBJC_IMPLICIT_RETAIN_SELF = YES;
				CLANG_WARN_OBJC_LITERAL_CONVERSION = YES;
				CLANG_WARN_OBJC_ROOT_CLASS = YES_ERROR;
				CLANG_WARN_QUOTED_INCLUDE_IN_FRAMEWORK_HEADER = YES;
				CLANG_WARN_RANGE_LOOP_ANALYSIS = YES;
				CLANG_WARN_STRICT_PROTOTYPES = YES;
				CLANG_WARN_SUSPICIOUS_MOVE = YES;
				CLANG_WARN_UNGUARDED_AVAILABILITY = YES_AGGRESSIVE;
				CLANG_WARN_UNREACHABLE_CODE = YES;
				CLANG_WARN__DUPLICATE_METHOD_MATCH = YES;
				COPY_PHASE_STRIP = NO;
				DEBUG_INFORMATION_FORMAT = "dwarf-with-dsym";
				ENABLE_NS_ASSERTIONS = NO;
				ENABLE_STRICT_OBJC_MSGSEND = YES;
				GCC_C_LANGUAGE_STANDARD = gnu11;
				GCC_NO_COMMON_BLOCKS = YES;
				GCC_WARN_64_TO_32_BIT_CONVERSION = YES;
				GCC_WARN_ABOUT_RETURN_TYPE = YES_ERROR;
				GCC_WARN_UNDECLARED_SELECTOR = YES;
				GCC_WARN_UNINITIALIZED_AUTOS = YES_AGGRESSIVE;
				GCC_WARN_UNUSED_FUNCTION = YES;
				GCC_WARN_UNUSED_VARIABLE = YES;
				IPHONEOS_DEPLOYMENT_TARGET = 14.3;
				MTL_ENABLE_DEBUG_INFO = NO;
				MTL_FAST_MATH = YES;
				SDKROOT = iphoneos;
				SWIFT_COMPILATION_MODE = wholemodule;
				SWIFT_OPTIMIZATION_LEVEL = "-O";
				VALIDATE_PRODUCT = YES;
			};
			name = Release;
		};
		F851850325DD1C0D00791701 /* Debug */ = {
			isa = XCBuildConfiguration;
			buildSettings = {
				ASSETCATALOG_COMPILER_APPICON_NAME = AppIcon;
				ASSETCATALOG_COMPILER_GLOBAL_ACCENT_COLOR_NAME = AccentColor;
				CODE_SIGN_STYLE = Automatic;
				DEVELOPMENT_ASSET_PATHS = "\"AutomataEditor/Preview Content\"";
				DEVELOPMENT_TEAM = QH95ER52SG;
				ENABLE_PREVIEWS = YES;
				INFOPLIST_FILE = AutomataEditor/Info.plist;
				IPHONEOS_DEPLOYMENT_TARGET = 14.0;
				LD_RUNPATH_SEARCH_PATHS = (
					"$(inherited)",
					"@executable_path/Frameworks",
				);
				PRODUCT_BUNDLE_IDENTIFIER = marekfort.AutomataEditor;
				PRODUCT_NAME = "$(TARGET_NAME)";
				SWIFT_VERSION = 5.0;
				TARGETED_DEVICE_FAMILY = "1,2";
			};
			name = Debug;
		};
		F851850425DD1C0D00791701 /* Release */ = {
			isa = XCBuildConfiguration;
			buildSettings = {
				ASSETCATALOG_COMPILER_APPICON_NAME = AppIcon;
				ASSETCATALOG_COMPILER_GLOBAL_ACCENT_COLOR_NAME = AccentColor;
				CODE_SIGN_STYLE = Automatic;
				DEVELOPMENT_ASSET_PATHS = "\"AutomataEditor/Preview Content\"";
				DEVELOPMENT_TEAM = QH95ER52SG;
				ENABLE_PREVIEWS = YES;
				INFOPLIST_FILE = AutomataEditor/Info.plist;
				IPHONEOS_DEPLOYMENT_TARGET = 14.0;
				LD_RUNPATH_SEARCH_PATHS = (
					"$(inherited)",
					"@executable_path/Frameworks",
				);
				PRODUCT_BUNDLE_IDENTIFIER = marekfort.AutomataEditor;
				PRODUCT_NAME = "$(TARGET_NAME)";
				SWIFT_VERSION = 5.0;
				TARGETED_DEVICE_FAMILY = "1,2";
			};
			name = Release;
		};
		F851850625DD1C0D00791701 /* Debug */ = {
			isa = XCBuildConfiguration;
			buildSettings = {
				ALWAYS_EMBED_SWIFT_STANDARD_LIBRARIES = YES;
				BUNDLE_LOADER = "$(TEST_HOST)";
				CODE_SIGN_STYLE = Automatic;
				DEVELOPMENT_TEAM = QH95ER52SG;
				INFOPLIST_FILE = AutomataEditorTests/Info.plist;
				IPHONEOS_DEPLOYMENT_TARGET = 14.0;
				LD_RUNPATH_SEARCH_PATHS = (
					"$(inherited)",
					"@executable_path/Frameworks",
					"@loader_path/Frameworks",
				);
				PRODUCT_BUNDLE_IDENTIFIER = marekfort.AutomataEditorTests;
				PRODUCT_NAME = "$(TARGET_NAME)";
				SWIFT_VERSION = 5.0;
				TARGETED_DEVICE_FAMILY = "1,2";
				TEST_HOST = "$(BUILT_PRODUCTS_DIR)/AutomataEditor.app/AutomataEditor";
			};
			name = Debug;
		};
		F851850725DD1C0D00791701 /* Release */ = {
			isa = XCBuildConfiguration;
			buildSettings = {
				ALWAYS_EMBED_SWIFT_STANDARD_LIBRARIES = YES;
				BUNDLE_LOADER = "$(TEST_HOST)";
				CODE_SIGN_STYLE = Automatic;
				DEVELOPMENT_TEAM = QH95ER52SG;
				INFOPLIST_FILE = AutomataEditorTests/Info.plist;
				IPHONEOS_DEPLOYMENT_TARGET = 14.0;
				LD_RUNPATH_SEARCH_PATHS = (
					"$(inherited)",
					"@executable_path/Frameworks",
					"@loader_path/Frameworks",
				);
				PRODUCT_BUNDLE_IDENTIFIER = marekfort.AutomataEditorTests;
				PRODUCT_NAME = "$(TARGET_NAME)";
				SWIFT_VERSION = 5.0;
				TARGETED_DEVICE_FAMILY = "1,2";
				TEST_HOST = "$(BUILT_PRODUCTS_DIR)/AutomataEditor.app/AutomataEditor";
			};
			name = Release;
		};
		F851850925DD1C0D00791701 /* Debug */ = {
			isa = XCBuildConfiguration;
			buildSettings = {
				ALWAYS_EMBED_SWIFT_STANDARD_LIBRARIES = YES;
				CODE_SIGN_STYLE = Automatic;
				DEVELOPMENT_TEAM = QH95ER52SG;
				INFOPLIST_FILE = AutomataEditorUITests/Info.plist;
				LD_RUNPATH_SEARCH_PATHS = (
					"$(inherited)",
					"@executable_path/Frameworks",
					"@loader_path/Frameworks",
				);
				PRODUCT_BUNDLE_IDENTIFIER = marekfort.AutomataEditorUITests;
				PRODUCT_NAME = "$(TARGET_NAME)";
				SWIFT_VERSION = 5.0;
				TARGETED_DEVICE_FAMILY = "1,2";
				TEST_TARGET_NAME = AutomataEditor;
			};
			name = Debug;
		};
		F851850A25DD1C0D00791701 /* Release */ = {
			isa = XCBuildConfiguration;
			buildSettings = {
				ALWAYS_EMBED_SWIFT_STANDARD_LIBRARIES = YES;
				CODE_SIGN_STYLE = Automatic;
				DEVELOPMENT_TEAM = QH95ER52SG;
				INFOPLIST_FILE = AutomataEditorUITests/Info.plist;
				LD_RUNPATH_SEARCH_PATHS = (
					"$(inherited)",
					"@executable_path/Frameworks",
					"@loader_path/Frameworks",
				);
				PRODUCT_BUNDLE_IDENTIFIER = marekfort.AutomataEditorUITests;
				PRODUCT_NAME = "$(TARGET_NAME)";
				SWIFT_VERSION = 5.0;
				TARGETED_DEVICE_FAMILY = "1,2";
				TEST_TARGET_NAME = AutomataEditor;
			};
			name = Release;
		};
/* End XCBuildConfiguration section */

/* Begin XCConfigurationList section */
		F85184D825DD1C0600791701 /* Build configuration list for PBXProject "AutomataEditor" */ = {
			isa = XCConfigurationList;
			buildConfigurations = (
				F851850025DD1C0D00791701 /* Debug */,
				F851850125DD1C0D00791701 /* Release */,
			);
			defaultConfigurationIsVisible = 0;
			defaultConfigurationName = Release;
		};
		F851850225DD1C0D00791701 /* Build configuration list for PBXNativeTarget "AutomataEditor" */ = {
			isa = XCConfigurationList;
			buildConfigurations = (
				F851850325DD1C0D00791701 /* Debug */,
				F851850425DD1C0D00791701 /* Release */,
			);
			defaultConfigurationIsVisible = 0;
			defaultConfigurationName = Release;
		};
		F851850525DD1C0D00791701 /* Build configuration list for PBXNativeTarget "AutomataEditorTests" */ = {
			isa = XCConfigurationList;
			buildConfigurations = (
				F851850625DD1C0D00791701 /* Debug */,
				F851850725DD1C0D00791701 /* Release */,
			);
			defaultConfigurationIsVisible = 0;
			defaultConfigurationName = Release;
		};
		F851850825DD1C0D00791701 /* Build configuration list for PBXNativeTarget "AutomataEditorUITests" */ = {
			isa = XCConfigurationList;
			buildConfigurations = (
				F851850925DD1C0D00791701 /* Debug */,
				F851850A25DD1C0D00791701 /* Release */,
			);
			defaultConfigurationIsVisible = 0;
			defaultConfigurationName = Release;
		};
/* End XCConfigurationList section */
	};
	rootObject = F85184D525DD1C0600791701 /* Project object */;
}
